
Microsoft Visual Studio Solution File, Format Version 12.00
# Visual Studio Version 17
VisualStudioVersion = 17.4.33205.214
MinimumVisualStudioVersion = 10.0.40219.1
Project("{FAE04EC0-301F-11D3-BF4B-00C04F79EFBC}") = "SharpLog", "SharpLog.csproj", "{A35C0C47-0885-4F6A-8BB8-E390DDFE5DF0}"
EndProject
Project("{FAE04EC0-301F-11D3-BF4B-00C04F79EFBC}") = "SharpLogDemo", "..\SharpLogDemo\SharpLogDemo.csproj", "{3FE1513C-7C36-4E7D-BDFF-2EBFE66B0D7D}"
EndProject
Global
	GlobalSection(SolutionConfigurationPlatforms) = preSolution
		Debug|Any CPU = Debug|Any CPU
		Release|Any CPU = Release|Any CPU
	EndGlobalSection
	GlobalSection(ProjectConfigurationPlatforms) = postSolution
		{A35C0C47-0885-4F6A-8BB8-E390DDFE5DF0}.Debug|Any CPU.ActiveCfg = Debug|Any CPU
		{A35C0C47-0885-4F6A-8BB8-E390DDFE5DF0}.Debug|Any CPU.Build.0 = Debug|Any CPU
		{A35C0C47-0885-4F6A-8BB8-E390DDFE5DF0}.Release|Any CPU.ActiveCfg = Release|Any CPU
		{A35C0C47-0885-4F6A-8BB8-E390DDFE5DF0}.Release|Any CPU.Build.0 = Release|Any CPU
		{3FE1513C-7C36-4E7D-BDFF-2EBFE66B0D7D}.Debug|Any CPU.ActiveCfg = Debug|Any CPU
		{3FE1513C-7C36-4E7D-BDFF-2EBFE66B0D7D}.Debug|Any CPU.Build.0 = Debug|Any CPU
		{3FE1513C-7C36-4E7D-BDFF-2EBFE66B0D7D}.Release|Any CPU.ActiveCfg = Release|Any CPU
		{3FE1513C-7C36-4E7D-BDFF-2EBFE66B0D7D}.Release|Any CPU.Build.0 = Release|Any CPU
	EndGlobalSection
	GlobalSection(SolutionProperties) = preSolution
		HideSolutionNode = FALSE
	EndGlobalSection
	GlobalSection(ExtensibilityGlobals) = postSolution
		SolutionGuid = {F763F06A-4D72-46BE-BC24-B2C88832058A}
	EndGlobalSection
EndGlobal
